
Microsoft Visual Studio Solution File, Format Version 12.00
# Visual Studio Version 16
VisualStudioVersion = 16.0.30114.105
MinimumVisualStudioVersion = 10.0.40219.1
Project("{FAE04EC0-301F-11D3-BF4B-00C04F79EFBC}") = "BasicWmqProducer.ConsoleApp", "BasicWmqProducer.ConsoleApp\BasicWmqProducer.ConsoleApp.csproj", "{32E07DEE-92EA-4AC2-AB5A-45F31F2C3B94}"
EndProject
Global
	GlobalSection(SolutionConfigurationPlatforms) = preSolution
		Debug|Any CPU = Debug|Any CPU
		Release|Any CPU = Release|Any CPU
	EndGlobalSection
	GlobalSection(SolutionProperties) = preSolution
		HideSolutionNode = FALSE
	EndGlobalSection
	GlobalSection(ProjectConfigurationPlatforms) = postSolution
		{32E07DEE-92EA-4AC2-AB5A-45F31F2C3B94}.Debug|Any CPU.ActiveCfg = Debug|Any CPU
		{32E07DEE-92EA-4AC2-AB5A-45F31F2C3B94}.Debug|Any CPU.Build.0 = Debug|Any CPU
		{32E07DEE-92EA-4AC2-AB5A-45F31F2C3B94}.Release|Any CPU.ActiveCfg = Release|Any CPU
		{32E07DEE-92EA-4AC2-AB5A-45F31F2C3B94}.Release|Any CPU.Build.0 = Release|Any CPU
	EndGlobalSection
EndGlobal
